
Microsoft Visual Studio Solution File, Format Version 12.00
# Visual Studio Version 17
VisualStudioVersion = 17.3.32819.101
MinimumVisualStudioVersion = 10.0.40219.1
Project("{9A19103F-16F7-4668-BE54-9A1E7A4F7556}") = "Domain", "Domain\Domain.csproj", "{5C327DF1-03C4-4727-8A6A-61607A2BB3A0}"
EndProject
Project("{9A19103F-16F7-4668-BE54-9A1E7A4F7556}") = "Application", "Application\Application.csproj", "{8B4182E8-3008-4FD9-9118-F7AB8CA4DFB9}"
EndProject
Project("{9A19103F-16F7-4668-BE54-9A1E7A4F7556}") = "Infrastructure", "Infrastructure\Infrastructure.csproj", "{0C8AC383-E0E5-4498-9AEB-56E9D9CB046B}"
EndProject
Project("{9A19103F-16F7-4668-BE54-9A1E7A4F7556}") = "Test", "Test\Test.csproj", "{A8A4E067-7767-4FC2-9800-8B8F53690DDB}"
EndProject
Project("{9A19103F-16F7-4668-BE54-9A1E7A4F7556}") = "Presentation", "Presentation\Presentation.csproj", "{70280BA9-0ACE-4F3B-AB94-12A5F7825FBF}"
EndProject
Global
	GlobalSection(SolutionConfigurationPlatforms) = preSolution
		Debug|Any CPU = Debug|Any CPU
		Release|Any CPU = Release|Any CPU
	EndGlobalSection
	GlobalSection(ProjectConfigurationPlatforms) = postSolution
		{5C327DF1-03C4-4727-8A6A-61607A2BB3A0}.Debug|Any CPU.ActiveCfg = Debug|Any CPU
		{5C327DF1-03C4-4727-8A6A-61607A2BB3A0}.Debug|Any CPU.Build.0 = Debug|Any CPU
		{5C327DF1-03C4-4727-8A6A-61607A2BB3A0}.Release|Any CPU.ActiveCfg = Release|Any CPU
		{5C327DF1-03C4-4727-8A6A-61607A2BB3A0}.Release|Any CPU.Build.0 = Release|Any CPU
		{8B4182E8-3008-4FD9-9118-F7AB8CA4DFB9}.Debug|Any CPU.ActiveCfg = Debug|Any CPU
		{8B4182E8-3008-4FD9-9118-F7AB8CA4DFB9}.Debug|Any CPU.Build.0 = Debug|Any CPU
		{8B4182E8-3008-4FD9-9118-F7AB8CA4DFB9}.Release|Any CPU.ActiveCfg = Release|Any CPU
		{8B4182E8-3008-4FD9-9118-F7AB8CA4DFB9}.Release|Any CPU.Build.0 = Release|Any CPU
		{0C8AC383-E0E5-4498-9AEB-56E9D9CB046B}.Debug|Any CPU.ActiveCfg = Debug|Any CPU
		{0C8AC383-E0E5-4498-9AEB-56E9D9CB046B}.Debug|Any CPU.Build.0 = Debug|Any CPU
		{0C8AC383-E0E5-4498-9AEB-56E9D9CB046B}.Release|Any CPU.ActiveCfg = Release|Any CPU
		{0C8AC383-E0E5-4498-9AEB-56E9D9CB046B}.Release|Any CPU.Build.0 = Release|Any CPU
		{A8A4E067-7767-4FC2-9800-8B8F53690DDB}.Debug|Any CPU.ActiveCfg = Debug|Any CPU
		{A8A4E067-7767-4FC2-9800-8B8F53690DDB}.Debug|Any CPU.Build.0 = Debug|Any CPU
		{A8A4E067-7767-4FC2-9800-8B8F53690DDB}.Release|Any CPU.ActiveCfg = Release|Any CPU
		{A8A4E067-7767-4FC2-9800-8B8F53690DDB}.Release|Any CPU.Build.0 = Release|Any CPU
		{70280BA9-0ACE-4F3B-AB94-12A5F7825FBF}.Debug|Any CPU.ActiveCfg = Debug|Any CPU
		{70280BA9-0ACE-4F3B-AB94-12A5F7825FBF}.Debug|Any CPU.Build.0 = Debug|Any CPU
		{70280BA9-0ACE-4F3B-AB94-12A5F7825FBF}.Release|Any CPU.ActiveCfg = Release|Any CPU
		{70280BA9-0ACE-4F3B-AB94-12A5F7825FBF}.Release|Any CPU.Build.0 = Release|Any CPU
	EndGlobalSection
	GlobalSection(SolutionProperties) = preSolution
		HideSolutionNode = FALSE
	EndGlobalSection
	GlobalSection(ExtensibilityGlobals) = postSolution
		SolutionGuid = {5F386791-6633-4F6D-82CB-BD44D1B1F8E2}
	EndGlobalSection
EndGlobal
